// !$*UTF8*$!
{
	archiveVersion = 1;
	classes = {
	};
	objectVersion = 46;
	objects = {

/* Begin PBXBuildFile section */
		3F44B6FA1BF3CF57003604DD /* AppDelegate.swift in Sources */ = {isa = PBXBuildFile; fileRef = 3F44B6F91BF3CF57003604DD /* AppDelegate.swift */; };
		3F44B6FC1BF3CF58003604DD /* ViewController.swift in Sources */ = {isa = PBXBuildFile; fileRef = 3F44B6FB1BF3CF58003604DD /* ViewController.swift */; };
		3F44B6FF1BF3CF58003604DD /* Main.storyboard in Resources */ = {isa = PBXBuildFile; fileRef = 3F44B6FD1BF3CF58003604DD /* Main.storyboard */; };
		3F44B7011BF3CF58003604DD /* Assets.xcassets in Resources */ = {isa = PBXBuildFile; fileRef = 3F44B7001BF3CF58003604DD /* Assets.xcassets */; };
		3F44B7041BF3CF58003604DD /* LaunchScreen.storyboard in Resources */ = {isa = PBXBuildFile; fileRef = 3F44B7021BF3CF58003604DD /* LaunchScreen.storyboard */; };
		BFFEAB1054939E6DD13AB9AA /* Pods_Permission.framework in Frameworks */ = {isa = PBXBuildFile; fileRef = 8D33FE03CAC5E3864856E921 /* Pods_Permission.framework */; };
/* End PBXBuildFile section */

/* Begin PBXFileReference section */
		3F44B6F61BF3CF57003604DD /* Permission.app */ = {isa = PBXFileReference; explicitFileType = wrapper.application; includeInIndex = 0; path = Permission.app; sourceTree = BUILT_PRODUCTS_DIR; };
		3F44B6F91BF3CF57003604DD /* AppDelegate.swift */ = {isa = PBXFileReference; lastKnownFileType = sourcecode.swift; path = AppDelegate.swift; sourceTree = "<group>"; };
		3F44B6FB1BF3CF58003604DD /* ViewController.swift */ = {isa = PBXFileReference; lastKnownFileType = sourcecode.swift; path = ViewController.swift; sourceTree = "<group>"; };
		3F44B6FE1BF3CF58003604DD /* Base */ = {isa = PBXFileReference; lastKnownFileType = file.storyboard; name = Base; path = Base.lproj/Main.storyboard; sourceTree = "<group>"; };
		3F44B7001BF3CF58003604DD /* Assets.xcassets */ = {isa = PBXFileReference; lastKnownFileType = folder.assetcatalog; path = Assets.xcassets; sourceTree = "<group>"; };
		3F44B7031BF3CF58003604DD /* Base */ = {isa = PBXFileReference; lastKnownFileType = file.storyboard; name = Base; path = Base.lproj/LaunchScreen.storyboard; sourceTree = "<group>"; };
		3F44B7051BF3CF58003604DD /* Info.plist */ = {isa = PBXFileReference; lastKnownFileType = text.plist.xml; path = Info.plist; sourceTree = "<group>"; };
		69922F665E48CD0277507953 /* Pods-Permission.release.xcconfig */ = {isa = PBXFileReference; includeInIndex = 1; lastKnownFileType = text.xcconfig; name = "Pods-Permission.release.xcconfig"; path = "Pods/Target Support Files/Pods-Permission/Pods-Permission.release.xcconfig"; sourceTree = "<group>"; };
		8D33FE03CAC5E3864856E921 /* Pods_Permission.framework */ = {isa = PBXFileReference; explicitFileType = wrapper.framework; includeInIndex = 0; path = Pods_Permission.framework; sourceTree = BUILT_PRODUCTS_DIR; };
		9A4B56585FE374620B024D78 /* Pods-Permission.debug.xcconfig */ = {isa = PBXFileReference; includeInIndex = 1; lastKnownFileType = text.xcconfig; name = "Pods-Permission.debug.xcconfig"; path = "Pods/Target Support Files/Pods-Permission/Pods-Permission.debug.xcconfig"; sourceTree = "<group>"; };
/* End PBXFileReference section */

/* Begin PBXFrameworksBuildPhase section */
		3F44B6F31BF3CF57003604DD /* Frameworks */ = {
			isa = PBXFrameworksBuildPhase;
			buildActionMask = 2147483647;
			files = (
				BFFEAB1054939E6DD13AB9AA /* Pods_Permission.framework in Frameworks */,
			);
			runOnlyForDeploymentPostprocessing = 0;
		};
/* End PBXFrameworksBuildPhase section */

/* Begin PBXGroup section */
		3F44B6ED1BF3CF57003604DD = {
			isa = PBXGroup;
			children = (
				3F44B6F81BF3CF57003604DD /* Permission */,
				3F44B6F71BF3CF57003604DD /* Products */,
				5A00A61E5A36C16CAD0FE574 /* Pods */,
				ACD7CE1944A8D626577037FE /* Frameworks */,
			);
			sourceTree = "<group>";
		};
		3F44B6F71BF3CF57003604DD /* Products */ = {
			isa = PBXGroup;
			children = (
				3F44B6F61BF3CF57003604DD /* Permission.app */,
			);
			name = Products;
			sourceTree = "<group>";
		};
		3F44B6F81BF3CF57003604DD /* Permission */ = {
			isa = PBXGroup;
			children = (
				3F44B6F91BF3CF57003604DD /* AppDelegate.swift */,
				3F44B6FB1BF3CF58003604DD /* ViewController.swift */,
				3F44B6FD1BF3CF58003604DD /* Main.storyboard */,
				3F44B7001BF3CF58003604DD /* Assets.xcassets */,
				3F44B7021BF3CF58003604DD /* LaunchScreen.storyboard */,
				3F44B7051BF3CF58003604DD /* Info.plist */,
			);
			path = Permission;
			sourceTree = "<group>";
		};
		5A00A61E5A36C16CAD0FE574 /* Pods */ = {
			isa = PBXGroup;
			children = (
				9A4B56585FE374620B024D78 /* Pods-Permission.debug.xcconfig */,
				69922F665E48CD0277507953 /* Pods-Permission.release.xcconfig */,
			);
			name = Pods;
			sourceTree = "<group>";
		};
		ACD7CE1944A8D626577037FE /* Frameworks */ = {
			isa = PBXGroup;
			children = (
				8D33FE03CAC5E3864856E921 /* Pods_Permission.framework */,
			);
			name = Frameworks;
			sourceTree = "<group>";
		};
/* End PBXGroup section */

/* Begin PBXNativeTarget section */
		3F44B6F51BF3CF57003604DD /* Permission */ = {
			isa = PBXNativeTarget;
			buildConfigurationList = 3F44B7081BF3CF58003604DD /* Build configuration list for PBXNativeTarget "Permission" */;
			buildPhases = (
				F89BF4D9AADFF496251715BA /* Check Pods Manifest.lock */,
				3F44B6F21BF3CF57003604DD /* Sources */,
				3F44B6F31BF3CF57003604DD /* Frameworks */,
				3F44B6F41BF3CF57003604DD /* Resources */,
				78B30E9CDECE1AE2171A125B /* Embed Pods Frameworks */,
				9B4E7E764EF89A7FFD43ABEE /* Copy Pods Resources */,
			);
			buildRules = (
			);
			dependencies = (
			);
			name = Permission;
			productName = Permission;
			productReference = 3F44B6F61BF3CF57003604DD /* Permission.app */;
			productType = "com.apple.product-type.application";
		};
/* End PBXNativeTarget section */

/* Begin PBXProject section */
		3F44B6EE1BF3CF57003604DD /* Project object */ = {
			isa = PBXProject;
			attributes = {
				LastSwiftUpdateCheck = 0710;
				LastUpgradeCheck = 0710;
				ORGANIZATIONNAME = mokacoding;
				TargetAttributes = {
					3F44B6F51BF3CF57003604DD = {
						CreatedOnToolsVersion = 7.1.1;
					};
				};
			};
			buildConfigurationList = 3F44B6F11BF3CF57003604DD /* Build configuration list for PBXProject "Permission" */;
			compatibilityVersion = "Xcode 3.2";
			developmentRegion = English;
			hasScannedForEncodings = 0;
			knownRegions = (
				en,
				Base,
			);
			mainGroup = 3F44B6ED1BF3CF57003604DD;
			productRefGroup = 3F44B6F71BF3CF57003604DD /* Products */;
			projectDirPath = "";
			projectRoot = "";
			targets = (
				3F44B6F51BF3CF57003604DD /* Permission */,
			);
		};
/* End PBXProject section */

/* Begin PBXResourcesBuildPhase section */
		3F44B6F41BF3CF57003604DD /* Resources */ = {
			isa = PBXResourcesBuildPhase;
			buildActionMask = 2147483647;
			files = (
				3F44B7041BF3CF58003604DD /* LaunchScreen.storyboard in Resources */,
				3F44B7011BF3CF58003604DD /* Assets.xcassets in Resources */,
				3F44B6FF1BF3CF58003604DD /* Main.storyboard in Resources */,
			);
			runOnlyForDeploymentPostprocessing = 0;
		};
/* End PBXResourcesBuildPhase section */

/* Begin PBXShellScriptBuildPhase section */
		78B30E9CDECE1AE2171A125B /* Embed Pods Frameworks */ = {
			isa = PBXShellScriptBuildPhase;
			buildActionMask = 2147483647;
			files = (
			);
			inputPaths = (
			);
			name = "Embed Pods Frameworks";
			outputPaths = (
			);
			runOnlyForDeploymentPostprocessing = 0;
			shellPath = /bin/sh;
			shellScript = "\"${SRCROOT}/Pods/Target Support Files/Pods-Permission/Pods-Permission-frameworks.sh\"\n";
			showEnvVarsInLog = 0;
		};
		9B4E7E764EF89A7FFD43ABEE /* Copy Pods Resources */ = {
			isa = PBXShellScriptBuildPhase;
			buildActionMask = 2147483647;
			files = (
			);
			inputPaths = (
			);
			name = "Copy Pods Resources";
			outputPaths = (
			);
			runOnlyForDeploymentPostprocessing = 0;
			shellPath = /bin/sh;
			shellScript = "\"${SRCROOT}/Pods/Target Support Files/Pods-Permission/Pods-Permission-resources.sh\"\n";
			showEnvVarsInLog = 0;
		};
		F89BF4D9AADFF496251715BA /* Check Pods Manifest.lock */ = {
			isa = PBXShellScriptBuildPhase;
			buildActionMask = 2147483647;
			files = (
			);
			inputPaths = (
			);
			name = "Check Pods Manifest.lock";
			outputPaths = (
			);
			runOnlyForDeploymentPostprocessing = 0;
			shellPath = /bin/sh;
			shellScript = "diff \"${PODS_ROOT}/../Podfile.lock\" \"${PODS_ROOT}/Manifest.lock\" > /dev/null\nif [[ $? != 0 ]] ; then\n    cat << EOM\nerror: The sandbox is not in sync with the Podfile.lock. Run 'pod install' or update your CocoaPods installation.\nEOM\n    exit 1\nfi\n";
			showEnvVarsInLog = 0;
		};
/* End PBXShellScriptBuildPhase section */

/* Begin PBXSourcesBuildPhase section */
		3F44B6F21BF3CF57003604DD /* Sources */ = {
			isa = PBXSourcesBuildPhase;
			buildActionMask = 2147483647;
			files = (
				3F44B6FC1BF3CF58003604DD /* ViewController.swift in Sources */,
				3F44B6FA1BF3CF57003604DD /* AppDelegate.swift in Sources */,
			);
			runOnlyForDeploymentPostprocessing = 0;
		};
/* End PBXSourcesBuildPhase section */

/* Begin PBXVariantGroup section */
		3F44B6FD1BF3CF58003604DD /* Main.storyboard */ = {
			isa = PBXVariantGroup;
			children = (
				3F44B6FE1BF3CF58003604DD /* Base */,
			);
			name = Main.storyboard;
			sourceTree = "<group>";
		};
		3F44B7021BF3CF58003604DD /* LaunchScreen.storyboard */ = {
			isa = PBXVariantGroup;
			children = (
				3F44B7031BF3CF58003604DD /* Base */,
			);
			name = LaunchScreen.storyboard;
			sourceTree = "<group>";
		};
/* End PBXVariantGroup section */

/* Begin XCBuildConfiguration section */
		3F44B7061BF3CF58003604DD /* Debug */ = {
			isa = XCBuildConfiguration;
			buildSettings = {
				ALWAYS_SEARCH_USER_PATHS = NO;
				CLANG_CXX_LANGUAGE_STANDARD = "gnu++0x";
				CLANG_CXX_LIBRARY = "libc++";
				CLANG_ENABLE_MODULES = YES;
				CLANG_ENABLE_OBJC_ARC = YES;
				CLANG_WARN_BOOL_CONVERSION = YES;
				CLANG_WARN_CONSTANT_CONVERSION = YES;
				CLANG_WARN_DIRECT_OBJC_ISA_USAGE = YES_ERROR;
				CLANG_WARN_EMPTY_BODY = YES;
				CLANG_WARN_ENUM_CONVERSION = YES;
				CLANG_WARN_INT_CONVERSION = YES;
				CLANG_WARN_OBJC_ROOT_CLASS = YES_ERROR;
				CLANG_WARN_UNREACHABLE_CODE = YES;
				CLANG_WARN__DUPLICATE_METHOD_MATCH = YES;
				"CODE_SIGN_IDENTITY[sdk=iphoneos*]" = "iPhone Developer";
				COPY_PHASE_STRIP = NO;
				DEBUG_INFORMATION_FORMAT = dwarf;
				ENABLE_STRICT_OBJC_MSGSEND = YES;
				ENABLE_TESTABILITY = YES;
				GCC_C_LANGUAGE_STANDARD = gnu99;
				GCC_DYNAMIC_NO_PIC = NO;
				GCC_NO_COMMON_BLOCKS = YES;
				GCC_OPTIMIZATION_LEVEL = 0;
				GCC_PREPROCESSOR_DEFINITIONS = (
					"DEBUG=1",
					"$(inherited)",
				);
				GCC_WARN_64_TO_32_BIT_CONVERSION = YES;
				GCC_WARN_ABOUT_RETURN_TYPE = YES_ERROR;
				GCC_WARN_UNDECLARED_SELECTOR = YES;
				GCC_WARN_UNINITIALIZED_AUTOS = YES_AGGRESSIVE;
				GCC_WARN_UNUSED_FUNCTION = YES;
				GCC_WARN_UNUSED_VARIABLE = YES;
				IPHONEOS_DEPLOYMENT_TARGET = 9.1;
				MTL_ENABLE_DEBUG_INFO = YES;
				ONLY_ACTIVE_ARCH = YES;
				SDKROOT = iphoneos;
				SWIFT_OPTIMIZATION_LEVEL = "-Onone";
				TARGETED_DEVICE_FAMILY = "1,2";
			};
			name = Debug;
		};
		3F44B7071BF3CF58003604DD /* Release */ = {
			isa = XCBuildConfiguration;
			buildSettings = {
				ALWAYS_SEARCH_USER_PATHS = NO;
				CLANG_CXX_LANGUAGE_STANDARD = "gnu++0x";
				CLANG_CXX_LIBRARY = "libc++";
				CLANG_ENABLE_MODULES = YES;
				CLANG_ENABLE_OBJC_ARC = YES;
				CLANG_WARN_BOOL_CONVERSION = YES;
				CLANG_WARN_CONSTANT_CONVERSION = YES;
				CLANG_WARN_DIRECT_OBJC_ISA_USAGE = YES_ERROR;
				CLANG_WARN_EMPTY_BODY = YES;
				CLANG_WARN_ENUM_CONVERSION = YES;
				CLANG_WARN_INT_CONVERSION = YES;
				CLANG_WARN_OBJC_ROOT_CLASS = YES_ERROR;
				CLANG_WARN_UNREACHABLE_CODE = YES;
				CLANG_WARN__DUPLICATE_METHOD_MATCH = YES;
				"CODE_SIGN_IDENTITY[sdk=iphoneos*]" = "iPhone Developer";
				COPY_PHASE_STRIP = NO;
				DEBUG_INFORMATION_FORMAT = "dwarf-with-dsym";
				ENABLE_NS_ASSERTIONS = NO;
				ENABLE_STRICT_OBJC_MSGSEND = YES;
				GCC_C_LANGUAGE_STANDARD = gnu99;
				GCC_NO_COMMON_BLOCKS = YES;
				GCC_WARN_64_TO_32_BIT_CONVERSION = YES;
				GCC_WARN_ABOUT_RETURN_TYPE = YES_ERROR;
				GCC_WARN_UNDECLARED_SELECTOR = YES;
				GCC_WARN_UNINITIALIZED_AUTOS = YES_AGGRESSIVE;
				GCC_WARN_UNUSED_FUNCTION = YES;
				GCC_WARN_UNUSED_VARIABLE = YES;
				IPHONEOS_DEPLOYMENT_TARGET = 9.1;
				MTL_ENABLE_DEBUG_INFO = NO;
				SDKROOT = iphoneos;
				TARGETED_DEVICE_FAMILY = "1,2";
				VALIDATE_PRODUCT = YES;
			};
			name = Release;
		};
		3F44B7091BF3CF58003604DD /* Debug */ = {
			isa = XCBuildConfiguration;
			baseConfigurationReference = 9A4B56585FE374620B024D78 /* Pods-Permission.debug.xcconfig */;
			buildSettings = {
				ASSETCATALOG_COMPILER_APPICON_NAME = AppIcon;
				INFOPLIST_FILE = Permission/Info.plist;
				LD_RUNPATH_SEARCH_PATHS = "$(inherited) @executable_path/Frameworks";
				PRODUCT_BUNDLE_IDENTIFIER = mokacoding.Permission;
				PRODUCT_NAME = "$(TARGET_NAME)";
			};
			name = Debug;
		};
		3F44B70A1BF3CF58003604DD /* Release */ = {
			isa = XCBuildConfiguration;
			baseConfigurationReference = 69922F665E48CD0277507953 /* Pods-Permission.release.xcconfig */;
			buildSettings = {
				ASSETCATALOG_COMPILER_APPICON_NAME = AppIcon;
				INFOPLIST_FILE = Permission/Info.plist;
				LD_RUNPATH_SEARCH_PATHS = "$(inherited) @executable_path/Frameworks";
				PRODUCT_BUNDLE_IDENTIFIER = mokacoding.Permission;
				PRODUCT_NAME = "$(TARGET_NAME)";
			};
			name = Release;
		};
/* End XCBuildConfiguration section */

/* Begin XCConfigurationList section */
		3F44B6F11BF3CF57003604DD /* Build configuration list for PBXProject "Permission" */ = {
			isa = XCConfigurationList;
			buildConfigurations = (
				3F44B7061BF3CF58003604DD /* Debug */,
				3F44B7071BF3CF58003604DD /* Release */,
			);
			defaultConfigurationIsVisible = 0;
			defaultConfigurationName = Release;
		};
		3F44B7081BF3CF58003604DD /* Build configuration list for PBXNativeTarget "Permission" */ = {
			isa = XCConfigurationList;
			buildConfigurations = (
				3F44B7091BF3CF58003604DD /* Debug */,
				3F44B70A1BF3CF58003604DD /* Release */,
			);
			defaultConfigurationIsVisible = 0;
			defaultConfigurationName = Release;
		};
/* End XCConfigurationList section */
	};
	rootObject = 3F44B6EE1BF3CF57003604DD /* Project object */;
}
