// !$*UTF8*$!
{
	archiveVersion = 1;
	classes = {
	};
	objectVersion = 46;
	objects = {

/* Begin PBXBuildFile section */
		3FAF68761C0977EF0017F85B /* AppDelegate.swift in Sources */ = {isa = PBXBuildFile; fileRef = 3FAF68751C0977EF0017F85B /* AppDelegate.swift */; };
		3FAF68781C0977EF0017F85B /* ViewController.swift in Sources */ = {isa = PBXBuildFile; fileRef = 3FAF68771C0977EF0017F85B /* ViewController.swift */; };
		3FAF687B1C0977EF0017F85B /* Main.storyboard in Resources */ = {isa = PBXBuildFile; fileRef = 3FAF68791C0977EF0017F85B /* Main.storyboard */; };
		3FAF687D1C0977EF0017F85B /* Assets.xcassets in Resources */ = {isa = PBXBuildFile; fileRef = 3FAF687C1C0977EF0017F85B /* Assets.xcassets */; };
		3FAF68801C0977EF0017F85B /* LaunchScreen.storyboard in Resources */ = {isa = PBXBuildFile; fileRef = 3FAF687E1C0977EF0017F85B /* LaunchScreen.storyboard */; };
/* End PBXBuildFile section */

/* Begin PBXFileReference section */
		3FAF68721C0977EF0017F85B /* Linted.app */ = {isa = PBXFileReference; explicitFileType = wrapper.application; includeInIndex = 0; path = Linted.app; sourceTree = BUILT_PRODUCTS_DIR; };
		3FAF68751C0977EF0017F85B /* AppDelegate.swift */ = {isa = PBXFileReference; lastKnownFileType = sourcecode.swift; path = AppDelegate.swift; sourceTree = "<group>"; };
		3FAF68771C0977EF0017F85B /* ViewController.swift */ = {isa = PBXFileReference; lastKnownFileType = sourcecode.swift; path = ViewController.swift; sourceTree = "<group>"; };
		3FAF687A1C0977EF0017F85B /* Base */ = {isa = PBXFileReference; lastKnownFileType = file.storyboard; name = Base; path = Base.lproj/Main.storyboard; sourceTree = "<group>"; };
		3FAF687C1C0977EF0017F85B /* Assets.xcassets */ = {isa = PBXFileReference; lastKnownFileType = folder.assetcatalog; path = Assets.xcassets; sourceTree = "<group>"; };
		3FAF687F1C0977EF0017F85B /* Base */ = {isa = PBXFileReference; lastKnownFileType = file.storyboard; name = Base; path = Base.lproj/LaunchScreen.storyboard; sourceTree = "<group>"; };
		3FAF68811C0977EF0017F85B /* Info.plist */ = {isa = PBXFileReference; lastKnownFileType = text.plist.xml; path = Info.plist; sourceTree = "<group>"; };
/* End PBXFileReference section */

/* Begin PBXFrameworksBuildPhase section */
		3FAF686F1C0977EF0017F85B /* Frameworks */ = {
			isa = PBXFrameworksBuildPhase;
			buildActionMask = 2147483647;
			files = (
			);
			runOnlyForDeploymentPostprocessing = 0;
		};
/* End PBXFrameworksBuildPhase section */

/* Begin PBXGroup section */
		3FAF68691C0977EF0017F85B = {
			isa = PBXGroup;
			children = (
				3FAF68741C0977EF0017F85B /* Linted */,
				3FAF68731C0977EF0017F85B /* Products */,
			);
			sourceTree = "<group>";
		};
		3FAF68731C0977EF0017F85B /* Products */ = {
			isa = PBXGroup;
			children = (
				3FAF68721C0977EF0017F85B /* Linted.app */,
			);
			name = Products;
			sourceTree = "<group>";
		};
		3FAF68741C0977EF0017F85B /* Linted */ = {
			isa = PBXGroup;
			children = (
				3FAF68751C0977EF0017F85B /* AppDelegate.swift */,
				3FAF68771C0977EF0017F85B /* ViewController.swift */,
				3FAF68791C0977EF0017F85B /* Main.storyboard */,
				3FAF687C1C0977EF0017F85B /* Assets.xcassets */,
				3FAF687E1C0977EF0017F85B /* LaunchScreen.storyboard */,
				3FAF68811C0977EF0017F85B /* Info.plist */,
			);
			path = Linted;
			sourceTree = "<group>";
		};
/* End PBXGroup section */

/* Begin PBXNativeTarget section */
		3FAF68711C0977EF0017F85B /* Linted */ = {
			isa = PBXNativeTarget;
			buildConfigurationList = 3FAF68841C0977EF0017F85B /* Build configuration list for PBXNativeTarget "Linted" */;
			buildPhases = (
				3FAF686E1C0977EF0017F85B /* Sources */,
				3FAF686F1C0977EF0017F85B /* Frameworks */,
				3FAF68701C0977EF0017F85B /* Resources */,
				3FAF68881C09788A0017F85B /* SwiftLint */,
			);
			buildRules = (
			);
			dependencies = (
			);
			name = Linted;
			productName = Linted;
			productReference = 3FAF68721C0977EF0017F85B /* Linted.app */;
			productType = "com.apple.product-type.application";
		};
/* End PBXNativeTarget section */

/* Begin PBXProject section */
		3FAF686A1C0977EF0017F85B /* Project object */ = {
			isa = PBXProject;
			attributes = {
				LastSwiftUpdateCheck = 0710;
				LastUpgradeCheck = 0710;
				ORGANIZATIONNAME = mokacoding;
				TargetAttributes = {
					3FAF68711C0977EF0017F85B = {
						CreatedOnToolsVersion = 7.1.1;
					};
				};
			};
			buildConfigurationList = 3FAF686D1C0977EF0017F85B /* Build configuration list for PBXProject "Linted" */;
			compatibilityVersion = "Xcode 3.2";
			developmentRegion = English;
			hasScannedForEncodings = 0;
			knownRegions = (
				en,
				Base,
			);
			mainGroup = 3FAF68691C0977EF0017F85B;
			productRefGroup = 3FAF68731C0977EF0017F85B /* Products */;
			projectDirPath = "";
			projectRoot = "";
			targets = (
				3FAF68711C0977EF0017F85B /* Linted */,
			);
		};
/* End PBXProject section */

/* Begin PBXResourcesBuildPhase section */
		3FAF68701C0977EF0017F85B /* Resources */ = {
			isa = PBXResourcesBuildPhase;
			buildActionMask = 2147483647;
			files = (
				3FAF68801C0977EF0017F85B /* LaunchScreen.storyboard in Resources */,
				3FAF687D1C0977EF0017F85B /* Assets.xcassets in Resources */,
				3FAF687B1C0977EF0017F85B /* Main.storyboard in Resources */,
			);
			runOnlyForDeploymentPostprocessing = 0;
		};
/* End PBXResourcesBuildPhase section */

/* Begin PBXShellScriptBuildPhase section */
		3FAF68881C09788A0017F85B /* SwiftLint */ = {
			isa = PBXShellScriptBuildPhase;
			buildActionMask = 2147483647;
			files = (
			);
			inputPaths = (
			);
			name = SwiftLint;
			outputPaths = (
			);
			runOnlyForDeploymentPostprocessing = 0;
			shellPath = /bin/sh;
			shellScript = "if which swiftlint >/dev/null; then\n    swiftlint\nelse\n    echo \"warning: SwiftLint does not exist, download from https://github.com/realm/SwiftLint\"\nfi";
		};
/* End PBXShellScriptBuildPhase section */

/* Begin PBXSourcesBuildPhase section */
		3FAF686E1C0977EF0017F85B /* Sources */ = {
			isa = PBXSourcesBuildPhase;
			buildActionMask = 2147483647;
			files = (
				3FAF68781C0977EF0017F85B /* ViewController.swift in Sources */,
				3FAF68761C0977EF0017F85B /* AppDelegate.swift in Sources */,
			);
			runOnlyForDeploymentPostprocessing = 0;
		};
/* End PBXSourcesBuildPhase section */

/* Begin PBXVariantGroup section */
		3FAF68791C0977EF0017F85B /* Main.storyboard */ = {
			isa = PBXVariantGroup;
			children = (
				3FAF687A1C0977EF0017F85B /* Base */,
			);
			name = Main.storyboard;
			sourceTree = "<group>";
		};
		3FAF687E1C0977EF0017F85B /* LaunchScreen.storyboard */ = {
			isa = PBXVariantGroup;
			children = (
				3FAF687F1C0977EF0017F85B /* Base */,
			);
			name = LaunchScreen.storyboard;
			sourceTree = "<group>";
		};
/* End PBXVariantGroup section */

/* Begin XCBuildConfiguration section */
		3FAF68821C0977EF0017F85B /* Debug */ = {
			isa = XCBuildConfiguration;
			buildSettings = {
				ALWAYS_SEARCH_USER_PATHS = NO;
				CLANG_CXX_LANGUAGE_STANDARD = "gnu++0x";
				CLANG_CXX_LIBRARY = "libc++";
				CLANG_ENABLE_MODULES = YES;
				CLANG_ENABLE_OBJC_ARC = YES;
				CLANG_WARN_BOOL_CONVERSION = YES;
				CLANG_WARN_CONSTANT_CONVERSION = YES;
				CLANG_WARN_DIRECT_OBJC_ISA_USAGE = YES_ERROR;
				CLANG_WARN_EMPTY_BODY = YES;
				CLANG_WARN_ENUM_CONVERSION = YES;
				CLANG_WARN_INT_CONVERSION = YES;
				CLANG_WARN_OBJC_ROOT_CLASS = YES_ERROR;
				CLANG_WARN_UNREACHABLE_CODE = YES;
				CLANG_WARN__DUPLICATE_METHOD_MATCH = YES;
				"CODE_SIGN_IDENTITY[sdk=iphoneos*]" = "iPhone Developer";
				COPY_PHASE_STRIP = NO;
				DEBUG_INFORMATION_FORMAT = dwarf;
				ENABLE_STRICT_OBJC_MSGSEND = YES;
				ENABLE_TESTABILITY = YES;
				GCC_C_LANGUAGE_STANDARD = gnu99;
				GCC_DYNAMIC_NO_PIC = NO;
				GCC_NO_COMMON_BLOCKS = YES;
				GCC_OPTIMIZATION_LEVEL = 0;
				GCC_PREPROCESSOR_DEFINITIONS = (
					"DEBUG=1",
					"$(inherited)",
				);
				GCC_WARN_64_TO_32_BIT_CONVERSION = YES;
				GCC_WARN_ABOUT_RETURN_TYPE = YES_ERROR;
				GCC_WARN_UNDECLARED_SELECTOR = YES;
				GCC_WARN_UNINITIALIZED_AUTOS = YES_AGGRESSIVE;
				GCC_WARN_UNUSED_FUNCTION = YES;
				GCC_WARN_UNUSED_VARIABLE = YES;
				IPHONEOS_DEPLOYMENT_TARGET = 9.1;
				MTL_ENABLE_DEBUG_INFO = YES;
				ONLY_ACTIVE_ARCH = YES;
				SDKROOT = iphoneos;
				SWIFT_OPTIMIZATION_LEVEL = "-Onone";
				TARGETED_DEVICE_FAMILY = "1,2";
			};
			name = Debug;
		};
		3FAF68831C0977EF0017F85B /* Release */ = {
			isa = XCBuildConfiguration;
			buildSettings = {
				ALWAYS_SEARCH_USER_PATHS = NO;
				CLANG_CXX_LANGUAGE_STANDARD = "gnu++0x";
				CLANG_CXX_LIBRARY = "libc++";
				CLANG_ENABLE_MODULES = YES;
				CLANG_ENABLE_OBJC_ARC = YES;
				CLANG_WARN_BOOL_CONVERSION = YES;
				CLANG_WARN_CONSTANT_CONVERSION = YES;
				CLANG_WARN_DIRECT_OBJC_ISA_USAGE = YES_ERROR;
				CLANG_WARN_EMPTY_BODY = YES;
				CLANG_WARN_ENUM_CONVERSION = YES;
				CLANG_WARN_INT_CONVERSION = YES;
				CLANG_WARN_OBJC_ROOT_CLASS = YES_ERROR;
				CLANG_WARN_UNREACHABLE_CODE = YES;
				CLANG_WARN__DUPLICATE_METHOD_MATCH = YES;
				"CODE_SIGN_IDENTITY[sdk=iphoneos*]" = "iPhone Developer";
				COPY_PHASE_STRIP = NO;
				DEBUG_INFORMATION_FORMAT = "dwarf-with-dsym";
				ENABLE_NS_ASSERTIONS = NO;
				ENABLE_STRICT_OBJC_MSGSEND = YES;
				GCC_C_LANGUAGE_STANDARD = gnu99;
				GCC_NO_COMMON_BLOCKS = YES;
				GCC_WARN_64_TO_32_BIT_CONVERSION = YES;
				GCC_WARN_ABOUT_RETURN_TYPE = YES_ERROR;
				GCC_WARN_UNDECLARED_SELECTOR = YES;
				GCC_WARN_UNINITIALIZED_AUTOS = YES_AGGRESSIVE;
				GCC_WARN_UNUSED_FUNCTION = YES;
				GCC_WARN_UNUSED_VARIABLE = YES;
				IPHONEOS_DEPLOYMENT_TARGET = 9.1;
				MTL_ENABLE_DEBUG_INFO = NO;
				SDKROOT = iphoneos;
				TARGETED_DEVICE_FAMILY = "1,2";
				VALIDATE_PRODUCT = YES;
			};
			name = Release;
		};
		3FAF68851C0977EF0017F85B /* Debug */ = {
			isa = XCBuildConfiguration;
			buildSettings = {
				ASSETCATALOG_COMPILER_APPICON_NAME = AppIcon;
				INFOPLIST_FILE = Linted/Info.plist;
				LD_RUNPATH_SEARCH_PATHS = "$(inherited) @executable_path/Frameworks";
				PRODUCT_BUNDLE_IDENTIFIER = mokacoding.Linted;
				PRODUCT_NAME = "$(TARGET_NAME)";
			};
			name = Debug;
		};
		3FAF68861C0977EF0017F85B /* Release */ = {
			isa = XCBuildConfiguration;
			buildSettings = {
				ASSETCATALOG_COMPILER_APPICON_NAME = AppIcon;
				INFOPLIST_FILE = Linted/Info.plist;
				LD_RUNPATH_SEARCH_PATHS = "$(inherited) @executable_path/Frameworks";
				PRODUCT_BUNDLE_IDENTIFIER = mokacoding.Linted;
				PRODUCT_NAME = "$(TARGET_NAME)";
			};
			name = Release;
		};
/* End XCBuildConfiguration section */

/* Begin XCConfigurationList section */
		3FAF686D1C0977EF0017F85B /* Build configuration list for PBXProject "Linted" */ = {
			isa = XCConfigurationList;
			buildConfigurations = (
				3FAF68821C0977EF0017F85B /* Debug */,
				3FAF68831C0977EF0017F85B /* Release */,
			);
			defaultConfigurationIsVisible = 0;
			defaultConfigurationName = Release;
		};
		3FAF68841C0977EF0017F85B /* Build configuration list for PBXNativeTarget "Linted" */ = {
			isa = XCConfigurationList;
			buildConfigurations = (
				3FAF68851C0977EF0017F85B /* Debug */,
				3FAF68861C0977EF0017F85B /* Release */,
			);
			defaultConfigurationIsVisible = 0;
		};
/* End XCConfigurationList section */
	};
	rootObject = 3FAF686A1C0977EF0017F85B /* Project object */;
}
